
Microsoft Visual Studio Solution File, Format Version 12.00
# Visual Studio Version 17
VisualStudioVersion = 17.2.32630.192
MinimumVisualStudioVersion = 10.0.40219.1
Project("{8BC9CEB8-8B4A-11D0-8D11-00A0C91BC942}") = "AionAssistant", "AionAssistant\AionAssistant.vcxproj", "{3CB72ED6-3BD8-4371-B06C-D5C110133712}"
	ProjectSection(ProjectDependencies) = postProject
		{7B43363A-5539-430B-AD99-76EE4B249C83} = {7B43363A-5539-430B-AD99-76EE4B249C83}
	EndProjectSection
EndProject
Project("{8BC9CEB8-8B4A-11D0-8D11-00A0C91BC942}") = "EntityDetour", "EntityDetour\EntityDetour.vcxproj", "{7B43363A-5539-430B-AD99-76EE4B249C83}"
EndProject
Global
	GlobalSection(SolutionConfigurationPlatforms) = preSolution
		Debug|x64 = Debug|x64
		Debug|x86 = Debug|x86
		Release|x64 = Release|x64
		Release|x86 = Release|x86
	EndGlobalSection
	GlobalSection(ProjectConfigurationPlatforms) = postSolution
		{3CB72ED6-3BD8-4371-B06C-D5C110133712}.Debug|x64.ActiveCfg = Debug|x64
		{3CB72ED6-3BD8-4371-B06C-D5C110133712}.Debug|x64.Build.0 = Debug|x64
		{3CB72ED6-3BD8-4371-B06C-D5C110133712}.Debug|x86.ActiveCfg = Debug|Win32
		{3CB72ED6-3BD8-4371-B06C-D5C110133712}.Debug|x86.Build.0 = Debug|Win32
		{3CB72ED6-3BD8-4371-B06C-D5C110133712}.Release|x64.ActiveCfg = Release|x64
		{3CB72ED6-3BD8-4371-B06C-D5C110133712}.Release|x64.Build.0 = Release|x64
		{3CB72ED6-3BD8-4371-B06C-D5C110133712}.Release|x86.ActiveCfg = Release|Win32
		{3CB72ED6-3BD8-4371-B06C-D5C110133712}.Release|x86.Build.0 = Release|Win32
		{7B43363A-5539-430B-AD99-76EE4B249C83}.Debug|x64.ActiveCfg = Debug|x64
		{7B43363A-5539-430B-AD99-76EE4B249C83}.Debug|x64.Build.0 = Debug|x64
		{7B43363A-5539-430B-AD99-76EE4B249C83}.Debug|x86.ActiveCfg = Debug|Win32
		{7B43363A-5539-430B-AD99-76EE4B249C83}.Debug|x86.Build.0 = Debug|Win32
		{7B43363A-5539-430B-AD99-76EE4B249C83}.Release|x64.ActiveCfg = Release|x64
		{7B43363A-5539-430B-AD99-76EE4B249C83}.Release|x64.Build.0 = Release|x64
		{7B43363A-5539-430B-AD99-76EE4B249C83}.Release|x86.ActiveCfg = Release|Win32
		{7B43363A-5539-430B-AD99-76EE4B249C83}.Release|x86.Build.0 = Release|Win32
	EndGlobalSection
	GlobalSection(SolutionProperties) = preSolution
		HideSolutionNode = FALSE
	EndGlobalSection
	GlobalSection(ExtensibilityGlobals) = postSolution
		SolutionGuid = {449DE296-7E8A-4050-95D3-19CCFADCBA44}
	EndGlobalSection
EndGlobal
