
Microsoft Visual Studio Solution File, Format Version 12.00
# Visual Studio Version 17
VisualStudioVersion = 17.2.32630.192
MinimumVisualStudioVersion = 10.0.40219.1
Project("{8BC9CEB8-8B4A-11D0-8D11-00A0C91BC942}") = "AionAssistant", "AionAssistant\AionAssistant.vcxproj", "{3CB72ED6-3BD8-4371-B06C-D5C110133712}"
EndProject
Global
	GlobalSection(SolutionConfigurationPlatforms) = preSolution
		Debug|x64 = Debug|x64
		Release|x64 = Release|x64
	EndGlobalSection
	GlobalSection(ProjectConfigurationPlatforms) = postSolution
		{3CB72ED6-3BD8-4371-B06C-D5C110133712}.Debug|x64.ActiveCfg = Debug|x64
		{3CB72ED6-3BD8-4371-B06C-D5C110133712}.Debug|x64.Build.0 = Debug|x64
		{3CB72ED6-3BD8-4371-B06C-D5C110133712}.Release|x64.ActiveCfg = Release|x64
		{3CB72ED6-3BD8-4371-B06C-D5C110133712}.Release|x64.Build.0 = Release|x64
	EndGlobalSection
	GlobalSection(SolutionProperties) = preSolution
		HideSolutionNode = FALSE
	EndGlobalSection
	GlobalSection(ExtensibilityGlobals) = postSolution
		SolutionGuid = {449DE296-7E8A-4050-95D3-19CCFADCBA44}
	EndGlobalSection
EndGlobal
