<?xml version="1.0" encoding="utf-8"?>
<Project ToolsVersion="4.0" xmlns="http://schemas.microsoft.com/developer/msbuild/2003">
  <ItemGroup>
    <Filter Include="UberSwitch">
      <UniqueIdentifier>{1bed7eec-2bbf-4d8c-8c6c-4cb37d714ae8}</UniqueIdentifier>
    </Filter>
    <Filter Include="UberSwitch\include">
      <UniqueIdentifier>{6b87bba4-b201-473a-9906-21dc6542ae0c}</UniqueIdentifier>
    </Filter>
    <Filter Include="UberSwitch\include\fameta">
      <UniqueIdentifier>{5fb1a35f-a02a-42d0-aae3-489d4434b15a}</UniqueIdentifier>
    </Filter>
    <Filter Include="includes">
      <UniqueIdentifier>{93995380-89BD-4b04-88EB-625FBE52EBFB}</UniqueIdentifier>
      <Extensions>h;hh;hpp;hxx;h++;hm;inl;inc;ipp;xsd</Extensions>
    </Filter>
    <Filter Include="includes\models">
      <UniqueIdentifier>{28da99c1-57da-4d22-abf2-b0f8859aa15d}</UniqueIdentifier>
    </Filter>
    <Filter Include="includes\codecave">
      <UniqueIdentifier>{1a12df5c-8f60-447a-924c-539b2c693d64}</UniqueIdentifier>
    </Filter>
    <Filter Include="src">
      <UniqueIdentifier>{4FC737F1-C7A5-4376-A066-2A32D752A2FF}</UniqueIdentifier>
      <Extensions>cpp;c;cc;cxx;c++;def;odl;idl;hpj;bat;asm;asmx</Extensions>
    </Filter>
    <Filter Include="src\cave">
      <UniqueIdentifier>{658729e1-396d-4174-9fc5-95bd17c9f2f5}</UniqueIdentifier>
    </Filter>
    <Filter Include="src\memory">
      <UniqueIdentifier>{96aaeba0-7fca-40bf-a1d1-bb6c6351754e}</UniqueIdentifier>
    </Filter>
  </ItemGroup>
  <ItemGroup>
    <ClInclude Include="Models\AionEntity.h">
      <Filter>includes\models</Filter>
    </ClInclude>
    <ClInclude Include="Models\AionPlayer.h">
      <Filter>includes\models</Filter>
    </ClInclude>
    <ClInclude Include="Models\Structures.h">
      <Filter>includes\models</Filter>
    </ClInclude>
    <ClInclude Include="CodeCave\detour.h">
      <Filter>includes\codecave</Filter>
    </ClInclude>
    <ClInclude Include="src\memory\memory.hpp">
      <Filter>src\memory</Filter>
    </ClInclude>
    <ClInclude Include="include\thread_managers\threads.hpp">
      <Filter>includes</Filter>
    </ClInclude>
    <ClInclude Include="src\structures\internalstructures.hpp">
      <Filter>includes</Filter>
    </ClInclude>
    <ClInclude Include="src\structures\aion.hpp">
      <Filter>includes</Filter>
    </ClInclude>
    <ClInclude Include="resource.h">
      <Filter>includes</Filter>
    </ClInclude>
    <ClInclude Include="src\memory\entity\AionEntity.h">
      <Filter>includes</Filter>
    </ClInclude>
    <ClInclude Include="dependencies\detours\detours.h">
      <Filter>includes</Filter>
    </ClInclude>
    <ClInclude Include="dependencies\detours\detver.h">
      <Filter>includes</Filter>
    </ClInclude>
    <ClInclude Include="dependencies\detours\syelog.h">
      <Filter>includes</Filter>
    </ClInclude>
    <ClInclude Include="dependencies\Lua542\include\lauxlib.h">
      <Filter>includes</Filter>
    </ClInclude>
    <ClInclude Include="dependencies\Lua542\include\lua.h">
      <Filter>includes</Filter>
    </ClInclude>
    <ClInclude Include="dependencies\Lua542\include\lua.hpp">
      <Filter>includes</Filter>
    </ClInclude>
    <ClInclude Include="dependencies\Lua542\include\luaconf.h">
      <Filter>includes</Filter>
    </ClInclude>
    <ClInclude Include="dependencies\Lua542\include\lualib.h">
      <Filter>includes</Filter>
    </ClInclude>
    <ClInclude Include="dependencies\tray\tray.h">
      <Filter>includes</Filter>
    </ClInclude>
    <ClInclude Include="dependencies\UberSwitch\include\fameta\counter.hpp">
      <Filter>includes</Filter>
    </ClInclude>
    <ClInclude Include="dependencies\UberSwitch\include\uberswitch.hpp">
      <Filter>includes</Filter>
    </ClInclude>
  </ItemGroup>
  <ItemGroup>
    <ClCompile Include="AionAssistant.cpp">
      <Filter>src</Filter>
    </ClCompile>
    <ClCompile Include="src\memory\accessors.cpp">
      <Filter>src\memory</Filter>
    </ClCompile>
    <ClCompile Include="src\thread_managers\EntityMapManager.cpp">
      <Filter>src</Filter>
    </ClCompile>
    <ClCompile Include="exports.cpp">
      <Filter>src</Filter>
    </ClCompile>
    <ClCompile Include="src\thread_managers\LuaVirtualMachineManager.cpp">
      <Filter>src</Filter>
    </ClCompile>
    <ClCompile Include="src\memory\entity\AionEntity.cpp">
      <Filter>src</Filter>
    </ClCompile>
    <ClCompile Include="src\thread_managers\InputSelfManager.cpp">
      <Filter>src</Filter>
    </ClCompile>
    <ClCompile Include="src\thread_managers\InputManager.cpp">
      <Filter>src</Filter>
    </ClCompile>
    <ClCompile Include="src\thread_managers\TimeManager.cpp">
      <Filter>src</Filter>
    </ClCompile>
  </ItemGroup>
  <ItemGroup>
    <None Include="AionAssistant.def">
      <Filter>src</Filter>
    </None>
  </ItemGroup>
</Project>